// !$*UTF8*$!
{
	archiveVersion = 1;
	classes = {
	};
	objectVersion = 50;
	objects = {

/* Begin PBXBuildFile section */
		1B11EE2F2382D21A00A224D6 /* AppDelegate.swift in Sources */ = {isa = PBXBuildFile; fileRef = 1B11EE2E2382D21A00A224D6 /* AppDelegate.swift */; };
		1B11EE362382D21D00A224D6 /* Assets.xcassets in Resources */ = {isa = PBXBuildFile; fileRef = 1B11EE352382D21D00A224D6 /* Assets.xcassets */; };
		1B11EE392382D21D00A224D6 /* LaunchScreen.storyboard in Resources */ = {isa = PBXBuildFile; fileRef = 1B11EE372382D21D00A224D6 /* LaunchScreen.storyboard */; };
		1B11EE442382D21D00A224D6 /* times_someoneTests.swift in Sources */ = {isa = PBXBuildFile; fileRef = 1B11EE432382D21D00A224D6 /* times_someoneTests.swift */; };
		1B11EE4F2382D21D00A224D6 /* times_someoneUITests.swift in Sources */ = {isa = PBXBuildFile; fileRef = 1B11EE4E2382D21D00A224D6 /* times_someoneUITests.swift */; };
		1B11EE6E2382D58800A224D6 /* FirebaseInstanceID.framework in Frameworks */ = {isa = PBXBuildFile; fileRef = 1B11EE5D2382D58700A224D6 /* FirebaseInstanceID.framework */; };
		1B11EE6F2382D58800A224D6 /* FirebaseCore.framework in Frameworks */ = {isa = PBXBuildFile; fileRef = 1B11EE5E2382D58700A224D6 /* FirebaseCore.framework */; };
		1B11EE702382D58800A224D6 /* gRPC-Core.framework in Frameworks */ = {isa = PBXBuildFile; fileRef = 1B11EE5F2382D58700A224D6 /* gRPC-Core.framework */; };
		1B11EE712382D58800A224D6 /* FirebaseCoreDiagnostics.framework in Frameworks */ = {isa = PBXBuildFile; fileRef = 1B11EE602382D58700A224D6 /* FirebaseCoreDiagnostics.framework */; };
		1B11EE722382D58800A224D6 /* leveldb-library.framework in Frameworks */ = {isa = PBXBuildFile; fileRef = 1B11EE612382D58700A224D6 /* leveldb-library.framework */; };
		1B11EE732382D58800A224D6 /* GoogleDataTransport.framework in Frameworks */ = {isa = PBXBuildFile; fileRef = 1B11EE622382D58700A224D6 /* GoogleDataTransport.framework */; };
		1B11EE742382D58800A224D6 /* GoogleAppMeasurement.framework in Frameworks */ = {isa = PBXBuildFile; fileRef = 1B11EE632382D58700A224D6 /* GoogleAppMeasurement.framework */; };
		1B11EE752382D58800A224D6 /* FirebaseAnalytics.framework in Frameworks */ = {isa = PBXBuildFile; fileRef = 1B11EE642382D58700A224D6 /* FirebaseAnalytics.framework */; };
		1B11EE772382D58800A224D6 /* GoogleDataTransportCCTSupport.framework in Frameworks */ = {isa = PBXBuildFile; fileRef = 1B11EE662382D58700A224D6 /* GoogleDataTransportCCTSupport.framework */; };
		1B11EE782382D58800A224D6 /* gRPC-C++.framework in Frameworks */ = {isa = PBXBuildFile; fileRef = 1B11EE672382D58700A224D6 /* gRPC-C++.framework */; };
		1B11EE792382D58800A224D6 /* GoogleUtilities.framework in Frameworks */ = {isa = PBXBuildFile; fileRef = 1B11EE682382D58700A224D6 /* GoogleUtilities.framework */; };
		1B11EE7A2382D58800A224D6 /* FirebaseFirestore.framework in Frameworks */ = {isa = PBXBuildFile; fileRef = 1B11EE692382D58700A224D6 /* FirebaseFirestore.framework */; };
		1B11EE7B2382D58800A224D6 /* nanopb.framework in Frameworks */ = {isa = PBXBuildFile; fileRef = 1B11EE6A2382D58700A224D6 /* nanopb.framework */; };
		1B11EE7C2382D58800A224D6 /* BoringSSL-GRPC.framework in Frameworks */ = {isa = PBXBuildFile; fileRef = 1B11EE6B2382D58800A224D6 /* BoringSSL-GRPC.framework */; };
		1B11EE7D2382D58800A224D6 /* FIRAnalyticsConnector.framework in Frameworks */ = {isa = PBXBuildFile; fileRef = 1B11EE6C2382D58800A224D6 /* FIRAnalyticsConnector.framework */; };
		1B11EE822382D75800A224D6 /* gRPCCertificates-Cpp.bundle in Resources */ = {isa = PBXBuildFile; fileRef = 1B11EE812382D75800A224D6 /* gRPCCertificates-Cpp.bundle */; };
		1B11EE842382D79300A224D6 /* libc++.tbd in Frameworks */ = {isa = PBXBuildFile; fileRef = 1B11EE832382D79300A224D6 /* libc++.tbd */; };
		1B11EE862382D79B00A224D6 /* libsqlite3.tbd in Frameworks */ = {isa = PBXBuildFile; fileRef = 1B11EE852382D79B00A224D6 /* libsqlite3.tbd */; };
		1B11EE8A2382D85A00A224D6 /* libz.tbd in Frameworks */ = {isa = PBXBuildFile; fileRef = 1B11EE892382D85A00A224D6 /* libz.tbd */; };
		1B11EE8D2382DC1100A224D6 /* GoogleService-Info.plist in Resources */ = {isa = PBXBuildFile; fileRef = 1B11EE8B2382DC1100A224D6 /* GoogleService-Info.plist */; };
		1B11EE8E2382DC1100A224D6 /* GoogleService-Info.plist in Resources */ = {isa = PBXBuildFile; fileRef = 1B11EE8B2382DC1100A224D6 /* GoogleService-Info.plist */; };
		1B11EE8F2382DE4C00A224D6 /* abseil.framework in Frameworks */ = {isa = PBXBuildFile; fileRef = 1B11EE6D2382D58800A224D6 /* abseil.framework */; };
		1B91198E2393A27E0007E7A9 /* CustomPresentationController.swift in Sources */ = {isa = PBXBuildFile; fileRef = 1B91198D2393A27E0007E7A9 /* CustomPresentationController.swift */; };
		1BC12788238D7446005C2188 /* PostModalViewController.swift in Sources */ = {isa = PBXBuildFile; fileRef = 1BC12787238D7446005C2188 /* PostModalViewController.swift */; };
		1BCC94F023AF362400ACB7D9 /* CustomTableViewCell.swift in Sources */ = {isa = PBXBuildFile; fileRef = 1BCC94EF23AF362400ACB7D9 /* CustomTableViewCell.swift */; };
		1BD3B31223842392001AA653 /* GoogleService-Info.plist in Resources */ = {isa = PBXBuildFile; fileRef = 1B11EE8B2382DC1100A224D6 /* GoogleService-Info.plist */; };
		1BD3B33123857BD8001AA653 /* ReportGetPresenter.swift in Sources */ = {isa = PBXBuildFile; fileRef = 1BD3B32D23857BD8001AA653 /* ReportGetPresenter.swift */; };
		1BD3B33223857BD8001AA653 /* ReportDetailViewController.swift in Sources */ = {isa = PBXBuildFile; fileRef = 1BD3B33023857BD8001AA653 /* ReportDetailViewController.swift */; };
		1BD3B33A23857BE3001AA653 /* ReportRepository.swift in Sources */ = {isa = PBXBuildFile; fileRef = 1BD3B33523857BE3001AA653 /* ReportRepository.swift */; };
		1BD3B33B23857BE3001AA653 /* Report.swift in Sources */ = {isa = PBXBuildFile; fileRef = 1BD3B33723857BE3001AA653 /* Report.swift */; };
		1BD3B33C23857BE3001AA653 /* GetReportsUsecase.swift in Sources */ = {isa = PBXBuildFile; fileRef = 1BD3B33923857BE3001AA653 /* GetReportsUsecase.swift */; };
		1BD3B33F2386C111001AA653 /* ReportsView.swift in Sources */ = {isa = PBXBuildFile; fileRef = 1BD3B33E2386C111001AA653 /* ReportsView.swift */; };
		1BD3B3412386CA01001AA653 /* SetReportUsecase.swift in Sources */ = {isa = PBXBuildFile; fileRef = 1BD3B3402386CA01001AA653 /* SetReportUsecase.swift */; };
		1BD3B3432386CF2A001AA653 /* User.swift in Sources */ = {isa = PBXBuildFile; fileRef = 1BD3B3422386CF2A001AA653 /* User.swift */; };
		1BD3B3452386D5BF001AA653 /* ReportPostPresenter.swift in Sources */ = {isa = PBXBuildFile; fileRef = 1BD3B3442386D5BF001AA653 /* ReportPostPresenter.swift */; };
		1BD3B3832388FC12001AA653 /* TimelineViewController.swift in Sources */ = {isa = PBXBuildFile; fileRef = 1BD3B3822388FC12001AA653 /* TimelineViewController.swift */; };
/* End PBXBuildFile section */

/* Begin PBXContainerItemProxy section */
		1B11EE402382D21D00A224D6 /* PBXContainerItemProxy */ = {
			isa = PBXContainerItemProxy;
			containerPortal = 1B11EE232382D21A00A224D6 /* Project object */;
			proxyType = 1;
			remoteGlobalIDString = 1B11EE2A2382D21A00A224D6;
			remoteInfo = times_someone;
		};
		1B11EE4B2382D21D00A224D6 /* PBXContainerItemProxy */ = {
			isa = PBXContainerItemProxy;
			containerPortal = 1B11EE232382D21A00A224D6 /* Project object */;
			proxyType = 1;
			remoteGlobalIDString = 1B11EE2A2382D21A00A224D6;
			remoteInfo = times_someone;
		};
/* End PBXContainerItemProxy section */

/* Begin PBXFileReference section */
		1B11EE2B2382D21A00A224D6 /* times_someone.app */ = {isa = PBXFileReference; explicitFileType = wrapper.application; includeInIndex = 0; path = times_someone.app; sourceTree = BUILT_PRODUCTS_DIR; };
		1B11EE2E2382D21A00A224D6 /* AppDelegate.swift */ = {isa = PBXFileReference; lastKnownFileType = sourcecode.swift; path = AppDelegate.swift; sourceTree = "<group>"; };
		1B11EE352382D21D00A224D6 /* Assets.xcassets */ = {isa = PBXFileReference; lastKnownFileType = folder.assetcatalog; path = Assets.xcassets; sourceTree = "<group>"; };
		1B11EE382382D21D00A224D6 /* Base */ = {isa = PBXFileReference; lastKnownFileType = file.storyboard; name = Base; path = Base.lproj/LaunchScreen.storyboard; sourceTree = "<group>"; };
		1B11EE3A2382D21D00A224D6 /* Info.plist */ = {isa = PBXFileReference; lastKnownFileType = text.plist.xml; path = Info.plist; sourceTree = "<group>"; };
		1B11EE3F2382D21D00A224D6 /* times_someoneTests.xctest */ = {isa = PBXFileReference; explicitFileType = wrapper.cfbundle; includeInIndex = 0; path = times_someoneTests.xctest; sourceTree = BUILT_PRODUCTS_DIR; };
		1B11EE432382D21D00A224D6 /* times_someoneTests.swift */ = {isa = PBXFileReference; lastKnownFileType = sourcecode.swift; path = times_someoneTests.swift; sourceTree = "<group>"; };
		1B11EE452382D21D00A224D6 /* Info.plist */ = {isa = PBXFileReference; lastKnownFileType = text.plist.xml; path = Info.plist; sourceTree = "<group>"; };
		1B11EE4A2382D21D00A224D6 /* times_someoneUITests.xctest */ = {isa = PBXFileReference; explicitFileType = wrapper.cfbundle; includeInIndex = 0; path = times_someoneUITests.xctest; sourceTree = BUILT_PRODUCTS_DIR; };
		1B11EE4E2382D21D00A224D6 /* times_someoneUITests.swift */ = {isa = PBXFileReference; lastKnownFileType = sourcecode.swift; path = times_someoneUITests.swift; sourceTree = "<group>"; };
		1B11EE502382D21D00A224D6 /* Info.plist */ = {isa = PBXFileReference; lastKnownFileType = text.plist.xml; path = Info.plist; sourceTree = "<group>"; };
		1B11EE5D2382D58700A224D6 /* FirebaseInstanceID.framework */ = {isa = PBXFileReference; lastKnownFileType = wrapper.framework; name = FirebaseInstanceID.framework; path = Carthage/Build/iOS/FirebaseInstanceID.framework; sourceTree = "<group>"; };
		1B11EE5E2382D58700A224D6 /* FirebaseCore.framework */ = {isa = PBXFileReference; lastKnownFileType = wrapper.framework; name = FirebaseCore.framework; path = Carthage/Build/iOS/FirebaseCore.framework; sourceTree = "<group>"; };
		1B11EE5F2382D58700A224D6 /* gRPC-Core.framework */ = {isa = PBXFileReference; lastKnownFileType = wrapper.framework; name = "gRPC-Core.framework"; path = "Carthage/Build/iOS/gRPC-Core.framework"; sourceTree = "<group>"; };
		1B11EE602382D58700A224D6 /* FirebaseCoreDiagnostics.framework */ = {isa = PBXFileReference; lastKnownFileType = wrapper.framework; name = FirebaseCoreDiagnostics.framework; path = Carthage/Build/iOS/FirebaseCoreDiagnostics.framework; sourceTree = "<group>"; };
		1B11EE612382D58700A224D6 /* leveldb-library.framework */ = {isa = PBXFileReference; lastKnownFileType = wrapper.framework; name = "leveldb-library.framework"; path = "Carthage/Build/iOS/leveldb-library.framework"; sourceTree = "<group>"; };
		1B11EE622382D58700A224D6 /* GoogleDataTransport.framework */ = {isa = PBXFileReference; lastKnownFileType = wrapper.framework; name = GoogleDataTransport.framework; path = Carthage/Build/iOS/GoogleDataTransport.framework; sourceTree = "<group>"; };
		1B11EE632382D58700A224D6 /* GoogleAppMeasurement.framework */ = {isa = PBXFileReference; lastKnownFileType = wrapper.framework; name = GoogleAppMeasurement.framework; path = Carthage/Build/iOS/GoogleAppMeasurement.framework; sourceTree = "<group>"; };
		1B11EE642382D58700A224D6 /* FirebaseAnalytics.framework */ = {isa = PBXFileReference; lastKnownFileType = wrapper.framework; name = FirebaseAnalytics.framework; path = Carthage/Build/iOS/FirebaseAnalytics.framework; sourceTree = "<group>"; };
		1B11EE652382D58700A224D6 /* Firebase.framework */ = {isa = PBXFileReference; lastKnownFileType = wrapper.framework; name = Firebase.framework; path = Carthage/Build/iOS/Firebase.framework; sourceTree = "<group>"; };
		1B11EE662382D58700A224D6 /* GoogleDataTransportCCTSupport.framework */ = {isa = PBXFileReference; lastKnownFileType = wrapper.framework; name = GoogleDataTransportCCTSupport.framework; path = Carthage/Build/iOS/GoogleDataTransportCCTSupport.framework; sourceTree = "<group>"; };
		1B11EE672382D58700A224D6 /* gRPC-C++.framework */ = {isa = PBXFileReference; lastKnownFileType = wrapper.framework; name = "gRPC-C++.framework"; path = "Carthage/Build/iOS/gRPC-C++.framework"; sourceTree = "<group>"; };
		1B11EE682382D58700A224D6 /* GoogleUtilities.framework */ = {isa = PBXFileReference; lastKnownFileType = wrapper.framework; name = GoogleUtilities.framework; path = Carthage/Build/iOS/GoogleUtilities.framework; sourceTree = "<group>"; };
		1B11EE692382D58700A224D6 /* FirebaseFirestore.framework */ = {isa = PBXFileReference; lastKnownFileType = wrapper.framework; name = FirebaseFirestore.framework; path = Carthage/Build/iOS/FirebaseFirestore.framework; sourceTree = "<group>"; };
		1B11EE6A2382D58700A224D6 /* nanopb.framework */ = {isa = PBXFileReference; lastKnownFileType = wrapper.framework; name = nanopb.framework; path = Carthage/Build/iOS/nanopb.framework; sourceTree = "<group>"; };
		1B11EE6B2382D58800A224D6 /* BoringSSL-GRPC.framework */ = {isa = PBXFileReference; lastKnownFileType = wrapper.framework; name = "BoringSSL-GRPC.framework"; path = "Carthage/Build/iOS/BoringSSL-GRPC.framework"; sourceTree = "<group>"; };
		1B11EE6C2382D58800A224D6 /* FIRAnalyticsConnector.framework */ = {isa = PBXFileReference; lastKnownFileType = wrapper.framework; name = FIRAnalyticsConnector.framework; path = Carthage/Build/iOS/FIRAnalyticsConnector.framework; sourceTree = "<group>"; };
		1B11EE6D2382D58800A224D6 /* abseil.framework */ = {isa = PBXFileReference; lastKnownFileType = wrapper.framework; name = abseil.framework; path = Carthage/Build/iOS/abseil.framework; sourceTree = "<group>"; };
		1B11EE812382D75800A224D6 /* gRPCCertificates-Cpp.bundle */ = {isa = PBXFileReference; lastKnownFileType = "wrapper.plug-in"; name = "gRPCCertificates-Cpp.bundle"; path = "Carthage/Build/iOS/gRPC-C++.framework/Resources/gRPCCertificates-Cpp.bundle"; sourceTree = "<group>"; };
		1B11EE832382D79300A224D6 /* libc++.tbd */ = {isa = PBXFileReference; lastKnownFileType = "sourcecode.text-based-dylib-definition"; name = "libc++.tbd"; path = "usr/lib/libc++.tbd"; sourceTree = SDKROOT; };
		1B11EE852382D79B00A224D6 /* libsqlite3.tbd */ = {isa = PBXFileReference; lastKnownFileType = "sourcecode.text-based-dylib-definition"; name = libsqlite3.tbd; path = usr/lib/libsqlite3.tbd; sourceTree = SDKROOT; };
		1B11EE892382D85A00A224D6 /* libz.tbd */ = {isa = PBXFileReference; lastKnownFileType = "sourcecode.text-based-dylib-definition"; name = libz.tbd; path = usr/lib/libz.tbd; sourceTree = SDKROOT; };
		1B11EE8B2382DC1100A224D6 /* GoogleService-Info.plist */ = {isa = PBXFileReference; fileEncoding = 4; lastKnownFileType = text.plist.xml; path = "GoogleService-Info.plist"; sourceTree = "<group>"; };
		1B11EE902382DF9F00A224D6 /* Build */ = {isa = PBXFileReference; lastKnownFileType = folder; name = Build; path = Carthage/Build; sourceTree = "<group>"; };
		1B91198D2393A27E0007E7A9 /* CustomPresentationController.swift */ = {isa = PBXFileReference; lastKnownFileType = sourcecode.swift; path = CustomPresentationController.swift; sourceTree = "<group>"; };
		1BC12787238D7446005C2188 /* PostModalViewController.swift */ = {isa = PBXFileReference; lastKnownFileType = sourcecode.swift; path = PostModalViewController.swift; sourceTree = "<group>"; };
		1BCC94EF23AF362400ACB7D9 /* CustomTableViewCell.swift */ = {isa = PBXFileReference; lastKnownFileType = sourcecode.swift; path = CustomTableViewCell.swift; sourceTree = "<group>"; };
		1BD3B32D23857BD8001AA653 /* ReportGetPresenter.swift */ = {isa = PBXFileReference; fileEncoding = 4; lastKnownFileType = sourcecode.swift; path = ReportGetPresenter.swift; sourceTree = "<group>"; };
		1BD3B33023857BD8001AA653 /* ReportDetailViewController.swift */ = {isa = PBXFileReference; fileEncoding = 4; lastKnownFileType = sourcecode.swift; path = ReportDetailViewController.swift; sourceTree = "<group>"; };
		1BD3B33523857BE3001AA653 /* ReportRepository.swift */ = {isa = PBXFileReference; fileEncoding = 4; lastKnownFileType = sourcecode.swift; path = ReportRepository.swift; sourceTree = "<group>"; };
		1BD3B33723857BE3001AA653 /* Report.swift */ = {isa = PBXFileReference; fileEncoding = 4; lastKnownFileType = sourcecode.swift; path = Report.swift; sourceTree = "<group>"; };
		1BD3B33923857BE3001AA653 /* GetReportsUsecase.swift */ = {isa = PBXFileReference; fileEncoding = 4; lastKnownFileType = sourcecode.swift; path = GetReportsUsecase.swift; sourceTree = "<group>"; };
		1BD3B33E2386C111001AA653 /* ReportsView.swift */ = {isa = PBXFileReference; lastKnownFileType = sourcecode.swift; path = ReportsView.swift; sourceTree = "<group>"; };
		1BD3B3402386CA01001AA653 /* SetReportUsecase.swift */ = {isa = PBXFileReference; lastKnownFileType = sourcecode.swift; path = SetReportUsecase.swift; sourceTree = "<group>"; };
		1BD3B3422386CF2A001AA653 /* User.swift */ = {isa = PBXFileReference; lastKnownFileType = sourcecode.swift; path = User.swift; sourceTree = "<group>"; };
		1BD3B3442386D5BF001AA653 /* ReportPostPresenter.swift */ = {isa = PBXFileReference; lastKnownFileType = sourcecode.swift; path = ReportPostPresenter.swift; sourceTree = "<group>"; };
		1BD3B3822388FC12001AA653 /* TimelineViewController.swift */ = {isa = PBXFileReference; lastKnownFileType = sourcecode.swift; path = TimelineViewController.swift; sourceTree = "<group>"; };
/* End PBXFileReference section */

/* Begin PBXFrameworksBuildPhase section */
		1B11EE282382D21A00A224D6 /* Frameworks */ = {
			isa = PBXFrameworksBuildPhase;
			buildActionMask = 2147483647;
			files = (
				1B11EE8F2382DE4C00A224D6 /* abseil.framework in Frameworks */,
				1B11EE8A2382D85A00A224D6 /* libz.tbd in Frameworks */,
				1B11EE862382D79B00A224D6 /* libsqlite3.tbd in Frameworks */,
				1B11EE842382D79300A224D6 /* libc++.tbd in Frameworks */,
				1B11EE6E2382D58800A224D6 /* FirebaseInstanceID.framework in Frameworks */,
				1B11EE6F2382D58800A224D6 /* FirebaseCore.framework in Frameworks */,
				1B11EE702382D58800A224D6 /* gRPC-Core.framework in Frameworks */,
				1B11EE712382D58800A224D6 /* FirebaseCoreDiagnostics.framework in Frameworks */,
				1B11EE722382D58800A224D6 /* leveldb-library.framework in Frameworks */,
				1B11EE732382D58800A224D6 /* GoogleDataTransport.framework in Frameworks */,
				1B11EE742382D58800A224D6 /* GoogleAppMeasurement.framework in Frameworks */,
				1B11EE752382D58800A224D6 /* FirebaseAnalytics.framework in Frameworks */,
				1B11EE772382D58800A224D6 /* GoogleDataTransportCCTSupport.framework in Frameworks */,
				1B11EE782382D58800A224D6 /* gRPC-C++.framework in Frameworks */,
				1B11EE792382D58800A224D6 /* GoogleUtilities.framework in Frameworks */,
				1B11EE7A2382D58800A224D6 /* FirebaseFirestore.framework in Frameworks */,
				1B11EE7B2382D58800A224D6 /* nanopb.framework in Frameworks */,
				1B11EE7C2382D58800A224D6 /* BoringSSL-GRPC.framework in Frameworks */,
				1B11EE7D2382D58800A224D6 /* FIRAnalyticsConnector.framework in Frameworks */,
			);
			runOnlyForDeploymentPostprocessing = 0;
		};
		1B11EE3C2382D21D00A224D6 /* Frameworks */ = {
			isa = PBXFrameworksBuildPhase;
			buildActionMask = 2147483647;
			files = (
			);
			runOnlyForDeploymentPostprocessing = 0;
		};
		1B11EE472382D21D00A224D6 /* Frameworks */ = {
			isa = PBXFrameworksBuildPhase;
			buildActionMask = 2147483647;
			files = (
			);
			runOnlyForDeploymentPostprocessing = 0;
		};
/* End PBXFrameworksBuildPhase section */

/* Begin PBXGroup section */
		1B11EE222382D21A00A224D6 = {
			isa = PBXGroup;
			children = (
				1B11EE812382D75800A224D6 /* gRPCCertificates-Cpp.bundle */,
				1B11EE2D2382D21A00A224D6 /* times_someone */,
				1B11EE422382D21D00A224D6 /* times_someoneTests */,
				1B11EE4D2382D21D00A224D6 /* times_someoneUITests */,
				1B11EE2C2382D21A00A224D6 /* Products */,
				1B11EE5C2382D58700A224D6 /* Frameworks */,
			);
			sourceTree = "<group>";
		};
		1B11EE2C2382D21A00A224D6 /* Products */ = {
			isa = PBXGroup;
			children = (
				1B11EE2B2382D21A00A224D6 /* times_someone.app */,
				1B11EE3F2382D21D00A224D6 /* times_someoneTests.xctest */,
				1B11EE4A2382D21D00A224D6 /* times_someoneUITests.xctest */,
			);
			name = Products;
			sourceTree = "<group>";
		};
		1B11EE2D2382D21A00A224D6 /* times_someone */ = {
			isa = PBXGroup;
			children = (
				1BD3B33D23857BFE001AA653 /* Data */,
				1BD3B33323857BE3001AA653 /* Domain */,
				1BD3B32B23857BD8001AA653 /* UI */,
				1B11EE8B2382DC1100A224D6 /* GoogleService-Info.plist */,
				1B11EE2E2382D21A00A224D6 /* AppDelegate.swift */,
				1B11EE352382D21D00A224D6 /* Assets.xcassets */,
				1B11EE372382D21D00A224D6 /* LaunchScreen.storyboard */,
				1B11EE3A2382D21D00A224D6 /* Info.plist */,
			);
			path = times_someone;
			sourceTree = "<group>";
		};
		1B11EE422382D21D00A224D6 /* times_someoneTests */ = {
			isa = PBXGroup;
			children = (
				1B11EE432382D21D00A224D6 /* times_someoneTests.swift */,
				1B11EE452382D21D00A224D6 /* Info.plist */,
			);
			path = times_someoneTests;
			sourceTree = "<group>";
		};
		1B11EE4D2382D21D00A224D6 /* times_someoneUITests */ = {
			isa = PBXGroup;
			children = (
				1B11EE4E2382D21D00A224D6 /* times_someoneUITests.swift */,
				1B11EE502382D21D00A224D6 /* Info.plist */,
			);
			path = times_someoneUITests;
			sourceTree = "<group>";
		};
		1B11EE5C2382D58700A224D6 /* Frameworks */ = {
			isa = PBXGroup;
			children = (
				1B11EE902382DF9F00A224D6 /* Build */,
				1B11EE892382D85A00A224D6 /* libz.tbd */,
				1B11EE852382D79B00A224D6 /* libsqlite3.tbd */,
				1B11EE832382D79300A224D6 /* libc++.tbd */,
				1B11EE6D2382D58800A224D6 /* abseil.framework */,
				1B11EE6B2382D58800A224D6 /* BoringSSL-GRPC.framework */,
				1B11EE6C2382D58800A224D6 /* FIRAnalyticsConnector.framework */,
				1B11EE652382D58700A224D6 /* Firebase.framework */,
				1B11EE642382D58700A224D6 /* FirebaseAnalytics.framework */,
				1B11EE5E2382D58700A224D6 /* FirebaseCore.framework */,
				1B11EE602382D58700A224D6 /* FirebaseCoreDiagnostics.framework */,
				1B11EE692382D58700A224D6 /* FirebaseFirestore.framework */,
				1B11EE5D2382D58700A224D6 /* FirebaseInstanceID.framework */,
				1B11EE632382D58700A224D6 /* GoogleAppMeasurement.framework */,
				1B11EE622382D58700A224D6 /* GoogleDataTransport.framework */,
				1B11EE662382D58700A224D6 /* GoogleDataTransportCCTSupport.framework */,
				1B11EE682382D58700A224D6 /* GoogleUtilities.framework */,
				1B11EE672382D58700A224D6 /* gRPC-C++.framework */,
				1B11EE5F2382D58700A224D6 /* gRPC-Core.framework */,
				1B11EE612382D58700A224D6 /* leveldb-library.framework */,
				1B11EE6A2382D58700A224D6 /* nanopb.framework */,
			);
			name = Frameworks;
			sourceTree = "<group>";
		};
		1BD3B32B23857BD8001AA653 /* UI */ = {
			isa = PBXGroup;
			children = (
				1BD3B32C23857BD8001AA653 /* Presenter */,
				1BD3B32E23857BD8001AA653 /* View */,
				1BD3B32F23857BD8001AA653 /* ViewController */,
			);
			path = UI;
			sourceTree = "<group>";
		};
		1BD3B32C23857BD8001AA653 /* Presenter */ = {
			isa = PBXGroup;
			children = (
				1BD3B3442386D5BF001AA653 /* ReportPostPresenter.swift */,
				1BD3B32D23857BD8001AA653 /* ReportGetPresenter.swift */,
			);
			path = Presenter;
			sourceTree = "<group>";
		};
		1BD3B32E23857BD8001AA653 /* View */ = {
			isa = PBXGroup;
			children = (
				1BD3B33E2386C111001AA653 /* ReportsView.swift */,
			);
			path = View;
			sourceTree = "<group>";
		};
		1BD3B32F23857BD8001AA653 /* ViewController */ = {
			isa = PBXGroup;
			children = (
				1BD3B33023857BD8001AA653 /* ReportDetailViewController.swift */,
				1BD3B3822388FC12001AA653 /* TimelineViewController.swift */,
				1BC12787238D7446005C2188 /* PostModalViewController.swift */,
				1B91198D2393A27E0007E7A9 /* CustomPresentationController.swift */,
				1BCC94EF23AF362400ACB7D9 /* CustomTableViewCell.swift */,
			);
			path = ViewController;
			sourceTree = "<group>";
		};
		1BD3B33323857BE3001AA653 /* Domain */ = {
			isa = PBXGroup;
			children = (
				1BD3B33423857BE3001AA653 /* Repository */,
				1BD3B33623857BE3001AA653 /* Entity */,
				1BD3B33823857BE3001AA653 /* Usecase */,
			);
			path = Domain;
			sourceTree = "<group>";
		};
		1BD3B33423857BE3001AA653 /* Repository */ = {
			isa = PBXGroup;
			children = (
				1BD3B33523857BE3001AA653 /* ReportRepository.swift */,
			);
			path = Repository;
			sourceTree = "<group>";
		};
		1BD3B33623857BE3001AA653 /* Entity */ = {
			isa = PBXGroup;
			children = (
				1BD3B33723857BE3001AA653 /* Report.swift */,
				1BD3B3422386CF2A001AA653 /* User.swift */,
			);
			path = Entity;
			sourceTree = "<group>";
		};
		1BD3B33823857BE3001AA653 /* Usecase */ = {
			isa = PBXGroup;
			children = (
				1BD3B33923857BE3001AA653 /* GetReportsUsecase.swift */,
				1BD3B3402386CA01001AA653 /* SetReportUsecase.swift */,
			);
			path = Usecase;
			sourceTree = "<group>";
		};
		1BD3B33D23857BFE001AA653 /* Data */ = {
			isa = PBXGroup;
			children = (
			);
			path = Data;
			sourceTree = "<group>";
		};
/* End PBXGroup section */

/* Begin PBXNativeTarget section */
		1B11EE2A2382D21A00A224D6 /* times_someone */ = {
			isa = PBXNativeTarget;
			buildConfigurationList = 1B11EE532382D21D00A224D6 /* Build configuration list for PBXNativeTarget "times_someone" */;
			buildPhases = (
				1B11EE272382D21A00A224D6 /* Sources */,
				1B11EE282382D21A00A224D6 /* Frameworks */,
				1B11EE292382D21A00A224D6 /* Resources */,
			);
			buildRules = (
			);
			dependencies = (
			);
			name = times_someone;
			productName = times_someone;
			productReference = 1B11EE2B2382D21A00A224D6 /* times_someone.app */;
			productType = "com.apple.product-type.application";
		};
		1B11EE3E2382D21D00A224D6 /* times_someoneTests */ = {
			isa = PBXNativeTarget;
			buildConfigurationList = 1B11EE562382D21D00A224D6 /* Build configuration list for PBXNativeTarget "times_someoneTests" */;
			buildPhases = (
				1B11EE3B2382D21D00A224D6 /* Sources */,
				1B11EE3C2382D21D00A224D6 /* Frameworks */,
				1B11EE3D2382D21D00A224D6 /* Resources */,
			);
			buildRules = (
			);
			dependencies = (
				1B11EE412382D21D00A224D6 /* PBXTargetDependency */,
			);
			name = times_someoneTests;
			productName = times_someoneTests;
			productReference = 1B11EE3F2382D21D00A224D6 /* times_someoneTests.xctest */;
			productType = "com.apple.product-type.bundle.unit-test";
		};
		1B11EE492382D21D00A224D6 /* times_someoneUITests */ = {
			isa = PBXNativeTarget;
			buildConfigurationList = 1B11EE592382D21D00A224D6 /* Build configuration list for PBXNativeTarget "times_someoneUITests" */;
			buildPhases = (
				1B11EE462382D21D00A224D6 /* Sources */,
				1B11EE472382D21D00A224D6 /* Frameworks */,
				1B11EE482382D21D00A224D6 /* Resources */,
			);
			buildRules = (
			);
			dependencies = (
				1B11EE4C2382D21D00A224D6 /* PBXTargetDependency */,
			);
			name = times_someoneUITests;
			productName = times_someoneUITests;
			productReference = 1B11EE4A2382D21D00A224D6 /* times_someoneUITests.xctest */;
			productType = "com.apple.product-type.bundle.ui-testing";
		};
/* End PBXNativeTarget section */

/* Begin PBXProject section */
		1B11EE232382D21A00A224D6 /* Project object */ = {
			isa = PBXProject;
			attributes = {
				LastSwiftUpdateCheck = 1030;
				LastUpgradeCheck = 1030;
				ORGANIZATIONNAME = "Ryusei Nomi";
				TargetAttributes = {
					1B11EE2A2382D21A00A224D6 = {
						CreatedOnToolsVersion = 10.3;
					};
					1B11EE3E2382D21D00A224D6 = {
						CreatedOnToolsVersion = 10.3;
						TestTargetID = 1B11EE2A2382D21A00A224D6;
					};
					1B11EE492382D21D00A224D6 = {
						CreatedOnToolsVersion = 10.3;
						TestTargetID = 1B11EE2A2382D21A00A224D6;
					};
				};
			};
			buildConfigurationList = 1B11EE262382D21A00A224D6 /* Build configuration list for PBXProject "times_someone" */;
			compatibilityVersion = "Xcode 9.3";
			developmentRegion = en;
			hasScannedForEncodings = 0;
			knownRegions = (
				en,
				Base,
			);
			mainGroup = 1B11EE222382D21A00A224D6;
			productRefGroup = 1B11EE2C2382D21A00A224D6 /* Products */;
			projectDirPath = "";
			projectRoot = "";
			targets = (
				1B11EE2A2382D21A00A224D6 /* times_someone */,
				1B11EE3E2382D21D00A224D6 /* times_someoneTests */,
				1B11EE492382D21D00A224D6 /* times_someoneUITests */,
			);
		};
/* End PBXProject section */

/* Begin PBXResourcesBuildPhase section */
		1B11EE292382D21A00A224D6 /* Resources */ = {
			isa = PBXResourcesBuildPhase;
			buildActionMask = 2147483647;
			files = (
				1BD3B31223842392001AA653 /* GoogleService-Info.plist in Resources */,
				1B11EE822382D75800A224D6 /* gRPCCertificates-Cpp.bundle in Resources */,
				1B11EE392382D21D00A224D6 /* LaunchScreen.storyboard in Resources */,
				1B11EE362382D21D00A224D6 /* Assets.xcassets in Resources */,
			);
			runOnlyForDeploymentPostprocessing = 0;
		};
		1B11EE3D2382D21D00A224D6 /* Resources */ = {
			isa = PBXResourcesBuildPhase;
			buildActionMask = 2147483647;
			files = (
				1B11EE8D2382DC1100A224D6 /* GoogleService-Info.plist in Resources */,
			);
			runOnlyForDeploymentPostprocessing = 0;
		};
		1B11EE482382D21D00A224D6 /* Resources */ = {
			isa = PBXResourcesBuildPhase;
			buildActionMask = 2147483647;
			files = (
				1B11EE8E2382DC1100A224D6 /* GoogleService-Info.plist in Resources */,
			);
			runOnlyForDeploymentPostprocessing = 0;
		};
/* End PBXResourcesBuildPhase section */

/* Begin PBXSourcesBuildPhase section */
		1B11EE272382D21A00A224D6 /* Sources */ = {
			isa = PBXSourcesBuildPhase;
			buildActionMask = 2147483647;
			files = (
				1BD3B3452386D5BF001AA653 /* ReportPostPresenter.swift in Sources */,
				1BD3B3832388FC12001AA653 /* TimelineViewController.swift in Sources */,
				1B11EE2F2382D21A00A224D6 /* AppDelegate.swift in Sources */,
				1B91198E2393A27E0007E7A9 /* CustomPresentationController.swift in Sources */,
				1BD3B33F2386C111001AA653 /* ReportsView.swift in Sources */,
				1BD3B33B23857BE3001AA653 /* Report.swift in Sources */,
				1BD3B3412386CA01001AA653 /* SetReportUsecase.swift in Sources */,
				1BD3B33A23857BE3001AA653 /* ReportRepository.swift in Sources */,
				1BCC94F023AF362400ACB7D9 /* CustomTableViewCell.swift in Sources */,
				1BD3B3432386CF2A001AA653 /* User.swift in Sources */,
				1BD3B33C23857BE3001AA653 /* GetReportsUsecase.swift in Sources */,
				1BD3B33123857BD8001AA653 /* ReportGetPresenter.swift in Sources */,
				1BC12788238D7446005C2188 /* PostModalViewController.swift in Sources */,
				1BD3B33223857BD8001AA653 /* ReportDetailViewController.swift in Sources */,
			);
			runOnlyForDeploymentPostprocessing = 0;
		};
		1B11EE3B2382D21D00A224D6 /* Sources */ = {
			isa = PBXSourcesBuildPhase;
			buildActionMask = 2147483647;
			files = (
				1B11EE442382D21D00A224D6 /* times_someoneTests.swift in Sources */,
			);
			runOnlyForDeploymentPostprocessing = 0;
		};
		1B11EE462382D21D00A224D6 /* Sources */ = {
			isa = PBXSourcesBuildPhase;
			buildActionMask = 2147483647;
			files = (
				1B11EE4F2382D21D00A224D6 /* times_someoneUITests.swift in Sources */,
			);
			runOnlyForDeploymentPostprocessing = 0;
		};
/* End PBXSourcesBuildPhase section */

/* Begin PBXTargetDependency section */
		1B11EE412382D21D00A224D6 /* PBXTargetDependency */ = {
			isa = PBXTargetDependency;
			target = 1B11EE2A2382D21A00A224D6 /* times_someone */;
			targetProxy = 1B11EE402382D21D00A224D6 /* PBXContainerItemProxy */;
		};
		1B11EE4C2382D21D00A224D6 /* PBXTargetDependency */ = {
			isa = PBXTargetDependency;
			target = 1B11EE2A2382D21A00A224D6 /* times_someone */;
			targetProxy = 1B11EE4B2382D21D00A224D6 /* PBXContainerItemProxy */;
		};
/* End PBXTargetDependency section */

/* Begin PBXVariantGroup section */
		1B11EE372382D21D00A224D6 /* LaunchScreen.storyboard */ = {
			isa = PBXVariantGroup;
			children = (
				1B11EE382382D21D00A224D6 /* Base */,
			);
			name = LaunchScreen.storyboard;
			sourceTree = "<group>";
		};
/* End PBXVariantGroup section */

/* Begin XCBuildConfiguration section */
		1B11EE512382D21D00A224D6 /* Debug */ = {
			isa = XCBuildConfiguration;
			buildSettings = {
				ALWAYS_SEARCH_USER_PATHS = NO;
				CLANG_ANALYZER_NONNULL = YES;
				CLANG_ANALYZER_NUMBER_OBJECT_CONVERSION = YES_AGGRESSIVE;
				CLANG_CXX_LANGUAGE_STANDARD = "gnu++14";
				CLANG_CXX_LIBRARY = "libc++";
				CLANG_ENABLE_MODULES = YES;
				CLANG_ENABLE_OBJC_ARC = YES;
				CLANG_ENABLE_OBJC_WEAK = YES;
				CLANG_WARN_BLOCK_CAPTURE_AUTORELEASING = YES;
				CLANG_WARN_BOOL_CONVERSION = YES;
				CLANG_WARN_COMMA = YES;
				CLANG_WARN_CONSTANT_CONVERSION = YES;
				CLANG_WARN_DEPRECATED_OBJC_IMPLEMENTATIONS = YES;
				CLANG_WARN_DIRECT_OBJC_ISA_USAGE = YES_ERROR;
				CLANG_WARN_DOCUMENTATION_COMMENTS = YES;
				CLANG_WARN_EMPTY_BODY = YES;
				CLANG_WARN_ENUM_CONVERSION = YES;
				CLANG_WARN_INFINITE_RECURSION = YES;
				CLANG_WARN_INT_CONVERSION = YES;
				CLANG_WARN_NON_LITERAL_NULL_CONVERSION = YES;
				CLANG_WARN_OBJC_IMPLICIT_RETAIN_SELF = YES;
				CLANG_WARN_OBJC_LITERAL_CONVERSION = YES;
				CLANG_WARN_OBJC_ROOT_CLASS = YES_ERROR;
				CLANG_WARN_RANGE_LOOP_ANALYSIS = YES;
				CLANG_WARN_STRICT_PROTOTYPES = YES;
				CLANG_WARN_SUSPICIOUS_MOVE = YES;
				CLANG_WARN_UNGUARDED_AVAILABILITY = YES_AGGRESSIVE;
				CLANG_WARN_UNREACHABLE_CODE = YES;
				CLANG_WARN__DUPLICATE_METHOD_MATCH = YES;
				CODE_SIGN_IDENTITY = "iPhone Developer";
				COPY_PHASE_STRIP = NO;
				DEBUG_INFORMATION_FORMAT = dwarf;
				ENABLE_STRICT_OBJC_MSGSEND = YES;
				ENABLE_TESTABILITY = YES;
				GCC_C_LANGUAGE_STANDARD = gnu11;
				GCC_DYNAMIC_NO_PIC = NO;
				GCC_NO_COMMON_BLOCKS = YES;
				GCC_OPTIMIZATION_LEVEL = 0;
				GCC_PREPROCESSOR_DEFINITIONS = (
					"DEBUG=1",
					"$(inherited)",
				);
				GCC_WARN_64_TO_32_BIT_CONVERSION = YES;
				GCC_WARN_ABOUT_RETURN_TYPE = YES_ERROR;
				GCC_WARN_UNDECLARED_SELECTOR = YES;
				GCC_WARN_UNINITIALIZED_AUTOS = YES_AGGRESSIVE;
				GCC_WARN_UNUSED_FUNCTION = YES;
				GCC_WARN_UNUSED_VARIABLE = YES;
				IPHONEOS_DEPLOYMENT_TARGET = 12.4;
				MTL_ENABLE_DEBUG_INFO = INCLUDE_SOURCE;
				MTL_FAST_MATH = YES;
				ONLY_ACTIVE_ARCH = NO;
				OTHER_LDFLAGS = "-ObjC";
				SDKROOT = iphoneos;
				SWIFT_ACTIVE_COMPILATION_CONDITIONS = DEBUG;
				SWIFT_OPTIMIZATION_LEVEL = "-Onone";
			};
			name = Debug;
		};
		1B11EE522382D21D00A224D6 /* Release */ = {
			isa = XCBuildConfiguration;
			buildSettings = {
				ALWAYS_SEARCH_USER_PATHS = NO;
				CLANG_ANALYZER_NONNULL = YES;
				CLANG_ANALYZER_NUMBER_OBJECT_CONVERSION = YES_AGGRESSIVE;
				CLANG_CXX_LANGUAGE_STANDARD = "gnu++14";
				CLANG_CXX_LIBRARY = "libc++";
				CLANG_ENABLE_MODULES = YES;
				CLANG_ENABLE_OBJC_ARC = YES;
				CLANG_ENABLE_OBJC_WEAK = YES;
				CLANG_WARN_BLOCK_CAPTURE_AUTORELEASING = YES;
				CLANG_WARN_BOOL_CONVERSION = YES;
				CLANG_WARN_COMMA = YES;
				CLANG_WARN_CONSTANT_CONVERSION = YES;
				CLANG_WARN_DEPRECATED_OBJC_IMPLEMENTATIONS = YES;
				CLANG_WARN_DIRECT_OBJC_ISA_USAGE = YES_ERROR;
				CLANG_WARN_DOCUMENTATION_COMMENTS = YES;
				CLANG_WARN_EMPTY_BODY = YES;
				CLANG_WARN_ENUM_CONVERSION = YES;
				CLANG_WARN_INFINITE_RECURSION = YES;
				CLANG_WARN_INT_CONVERSION = YES;
				CLANG_WARN_NON_LITERAL_NULL_CONVERSION = YES;
				CLANG_WARN_OBJC_IMPLICIT_RETAIN_SELF = YES;
				CLANG_WARN_OBJC_LITERAL_CONVERSION = YES;
				CLANG_WARN_OBJC_ROOT_CLASS = YES_ERROR;
				CLANG_WARN_RANGE_LOOP_ANALYSIS = YES;
				CLANG_WARN_STRICT_PROTOTYPES = YES;
				CLANG_WARN_SUSPICIOUS_MOVE = YES;
				CLANG_WARN_UNGUARDED_AVAILABILITY = YES_AGGRESSIVE;
				CLANG_WARN_UNREACHABLE_CODE = YES;
				CLANG_WARN__DUPLICATE_METHOD_MATCH = YES;
				CODE_SIGN_IDENTITY = "iPhone Developer";
				COPY_PHASE_STRIP = NO;
				DEBUG_INFORMATION_FORMAT = "dwarf-with-dsym";
				ENABLE_NS_ASSERTIONS = NO;
				ENABLE_STRICT_OBJC_MSGSEND = YES;
				GCC_C_LANGUAGE_STANDARD = gnu11;
				GCC_NO_COMMON_BLOCKS = YES;
				GCC_WARN_64_TO_32_BIT_CONVERSION = YES;
				GCC_WARN_ABOUT_RETURN_TYPE = YES_ERROR;
				GCC_WARN_UNDECLARED_SELECTOR = YES;
				GCC_WARN_UNINITIALIZED_AUTOS = YES_AGGRESSIVE;
				GCC_WARN_UNUSED_FUNCTION = YES;
				GCC_WARN_UNUSED_VARIABLE = YES;
				IPHONEOS_DEPLOYMENT_TARGET = 12.4;
				MTL_ENABLE_DEBUG_INFO = NO;
				MTL_FAST_MATH = YES;
				ONLY_ACTIVE_ARCH = NO;
				OTHER_LDFLAGS = "-ObjC";
				SDKROOT = iphoneos;
				SWIFT_COMPILATION_MODE = wholemodule;
				SWIFT_OPTIMIZATION_LEVEL = "-O";
				VALIDATE_PRODUCT = YES;
			};
			name = Release;
		};
		1B11EE542382D21D00A224D6 /* Debug */ = {
			isa = XCBuildConfiguration;
			buildSettings = {
				ASSETCATALOG_COMPILER_APPICON_NAME = AppIcon;
				CODE_SIGN_STYLE = Automatic;
				DEVELOPMENT_TEAM = VRC3Z3Y9FB;
				FRAMEWORK_SEARCH_PATHS = (
					"$(inherited)",
					"$(PROJECT_DIR)/Carthage/Build/iOS",
				);
				INFOPLIST_FILE = times_someone/Info.plist;
				LD_RUNPATH_SEARCH_PATHS = (
					"$(inherited)",
					"@executable_path/Frameworks",
				);
				ONLY_ACTIVE_ARCH = NO;
				OTHER_LDFLAGS = "-ObjC";
				PRODUCT_BUNDLE_IDENTIFIER = "ryusei.times-someone";
				PRODUCT_NAME = "$(TARGET_NAME)";
				SWIFT_VERSION = 5.0;
				TARGETED_DEVICE_FAMILY = "1,2";
			};
			name = Debug;
		};
		1B11EE552382D21D00A224D6 /* Release */ = {
			isa = XCBuildConfiguration;
			buildSettings = {
				ASSETCATALOG_COMPILER_APPICON_NAME = AppIcon;
				CODE_SIGN_STYLE = Automatic;
				DEVELOPMENT_TEAM = VRC3Z3Y9FB;
				FRAMEWORK_SEARCH_PATHS = (
					"$(inherited)",
					"$(PROJECT_DIR)/Carthage/Build/iOS",
				);
				INFOPLIST_FILE = times_someone/Info.plist;
				LD_RUNPATH_SEARCH_PATHS = (
					"$(inherited)",
					"@executable_path/Frameworks",
				);
				ONLY_ACTIVE_ARCH = NO;
				OTHER_LDFLAGS = "-ObjC";
				PRODUCT_BUNDLE_IDENTIFIER = "ryusei.times-someone";
				PRODUCT_NAME = "$(TARGET_NAME)";
				SWIFT_VERSION = 5.0;
				TARGETED_DEVICE_FAMILY = "1,2";
			};
			name = Release;
		};
		1B11EE572382D21D00A224D6 /* Debug */ = {
			isa = XCBuildConfiguration;
			buildSettings = {
				ALWAYS_EMBED_SWIFT_STANDARD_LIBRARIES = YES;
				BUNDLE_LOADER = "$(TEST_HOST)";
				CODE_SIGN_STYLE = Automatic;
				INFOPLIST_FILE = times_someoneTests/Info.plist;
				LD_RUNPATH_SEARCH_PATHS = (
					"$(inherited)",
					"@executable_path/Frameworks",
					"@loader_path/Frameworks",
				);
				PRODUCT_BUNDLE_IDENTIFIER = "ryusei.times-someoneTests";
				PRODUCT_NAME = "$(TARGET_NAME)";
				SWIFT_VERSION = 5.0;
				TARGETED_DEVICE_FAMILY = "1,2";
				TEST_HOST = "$(BUILT_PRODUCTS_DIR)/times_someone.app/times_someone";
			};
			name = Debug;
		};
		1B11EE582382D21D00A224D6 /* Release */ = {
			isa = XCBuildConfiguration;
			buildSettings = {
				ALWAYS_EMBED_SWIFT_STANDARD_LIBRARIES = YES;
				BUNDLE_LOADER = "$(TEST_HOST)";
				CODE_SIGN_STYLE = Automatic;
				INFOPLIST_FILE = times_someoneTests/Info.plist;
				LD_RUNPATH_SEARCH_PATHS = (
					"$(inherited)",
					"@executable_path/Frameworks",
					"@loader_path/Frameworks",
				);
				PRODUCT_BUNDLE_IDENTIFIER = "ryusei.times-someoneTests";
				PRODUCT_NAME = "$(TARGET_NAME)";
				SWIFT_VERSION = 5.0;
				TARGETED_DEVICE_FAMILY = "1,2";
				TEST_HOST = "$(BUILT_PRODUCTS_DIR)/times_someone.app/times_someone";
			};
			name = Release;
		};
		1B11EE5A2382D21D00A224D6 /* Debug */ = {
			isa = XCBuildConfiguration;
			buildSettings = {
				ALWAYS_EMBED_SWIFT_STANDARD_LIBRARIES = YES;
				CODE_SIGN_STYLE = Automatic;
				INFOPLIST_FILE = times_someoneUITests/Info.plist;
				LD_RUNPATH_SEARCH_PATHS = (
					"$(inherited)",
					"@executable_path/Frameworks",
					"@loader_path/Frameworks",
				);
				PRODUCT_BUNDLE_IDENTIFIER = "ryusei.times-someoneUITests";
				PRODUCT_NAME = "$(TARGET_NAME)";
				SWIFT_VERSION = 5.0;
				TARGETED_DEVICE_FAMILY = "1,2";
				TEST_TARGET_NAME = times_someone;
			};
			name = Debug;
		};
		1B11EE5B2382D21D00A224D6 /* Release */ = {
			isa = XCBuildConfiguration;
			buildSettings = {
				ALWAYS_EMBED_SWIFT_STANDARD_LIBRARIES = YES;
				CODE_SIGN_STYLE = Automatic;
				INFOPLIST_FILE = times_someoneUITests/Info.plist;
				LD_RUNPATH_SEARCH_PATHS = (
					"$(inherited)",
					"@executable_path/Frameworks",
					"@loader_path/Frameworks",
				);
				PRODUCT_BUNDLE_IDENTIFIER = "ryusei.times-someoneUITests";
				PRODUCT_NAME = "$(TARGET_NAME)";
				SWIFT_VERSION = 5.0;
				TARGETED_DEVICE_FAMILY = "1,2";
				TEST_TARGET_NAME = times_someone;
			};
			name = Release;
		};
/* End XCBuildConfiguration section */

/* Begin XCConfigurationList section */
		1B11EE262382D21A00A224D6 /* Build configuration list for PBXProject "times_someone" */ = {
			isa = XCConfigurationList;
			buildConfigurations = (
				1B11EE512382D21D00A224D6 /* Debug */,
				1B11EE522382D21D00A224D6 /* Release */,
			);
			defaultConfigurationIsVisible = 0;
			defaultConfigurationName = Debug;
		};
		1B11EE532382D21D00A224D6 /* Build configuration list for PBXNativeTarget "times_someone" */ = {
			isa = XCConfigurationList;
			buildConfigurations = (
				1B11EE542382D21D00A224D6 /* Debug */,
				1B11EE552382D21D00A224D6 /* Release */,
			);
			defaultConfigurationIsVisible = 0;
			defaultConfigurationName = Debug;
		};
		1B11EE562382D21D00A224D6 /* Build configuration list for PBXNativeTarget "times_someoneTests" */ = {
			isa = XCConfigurationList;
			buildConfigurations = (
				1B11EE572382D21D00A224D6 /* Debug */,
				1B11EE582382D21D00A224D6 /* Release */,
			);
			defaultConfigurationIsVisible = 0;
			defaultConfigurationName = Debug;
		};
		1B11EE592382D21D00A224D6 /* Build configuration list for PBXNativeTarget "times_someoneUITests" */ = {
			isa = XCConfigurationList;
			buildConfigurations = (
				1B11EE5A2382D21D00A224D6 /* Debug */,
				1B11EE5B2382D21D00A224D6 /* Release */,
			);
			defaultConfigurationIsVisible = 0;
			defaultConfigurationName = Debug;
		};
/* End XCConfigurationList section */
	};
	rootObject = 1B11EE232382D21A00A224D6 /* Project object */;
}
